
Microsoft Visual Studio Solution File, Format Version 12.00
# Visual Studio Version 17
VisualStudioVersion = 17.11.35222.181
MinimumVisualStudioVersion = 10.0.40219.1
Project("{FAE04EC0-301F-11D3-BF4B-00C04F79EFBC}") = "Winspector", "WinspectorUI\Winspector.csproj", "{88383D4C-FCA3-4542-8747-60AFBCDF8EEC}"
EndProject
Global
	GlobalSection(SolutionConfigurationPlatforms) = preSolution
		Debug|Any CPU = Debug|Any CPU
		Release|Any CPU = Release|Any CPU
	EndGlobalSection
	GlobalSection(ProjectConfigurationPlatforms) = postSolution
		{88383D4C-FCA3-4542-8747-60AFBCDF8EEC}.Debug|Any CPU.ActiveCfg = Debug|Any CPU
		{88383D4C-FCA3-4542-8747-60AFBCDF8EEC}.Debug|Any CPU.Build.0 = Debug|Any CPU
		{88383D4C-FCA3-4542-8747-60AFBCDF8EEC}.Release|Any CPU.ActiveCfg = Release|Any CPU
		{88383D4C-FCA3-4542-8747-60AFBCDF8EEC}.Release|Any CPU.Build.0 = Release|Any CPU
	EndGlobalSection
	GlobalSection(SolutionProperties) = preSolution
		HideSolutionNode = FALSE
	EndGlobalSection
	GlobalSection(ExtensibilityGlobals) = postSolution
		SolutionGuid = {FF46666C-AFF6-4438-B568-10692DC8034D}
	EndGlobalSection
EndGlobal
